// !$*UTF8*$!
{
	archiveVersion = 1;
	classes = {
	};
	objectVersion = 46;
	objects = {

/* Begin PBXBuildFile section */
		8BB8E3A9187C60A200C270A2 /* Foundation.framework in Frameworks */ = {isa = PBXBuildFile; fileRef = 8BB8E3A8187C60A200C270A2 /* Foundation.framework */; };
		8BB8E3AB187C60A200C270A2 /* CoreGraphics.framework in Frameworks */ = {isa = PBXBuildFile; fileRef = 8BB8E3AA187C60A200C270A2 /* CoreGraphics.framework */; };
		8BB8E3AD187C60A200C270A2 /* UIKit.framework in Frameworks */ = {isa = PBXBuildFile; fileRef = 8BB8E3AC187C60A200C270A2 /* UIKit.framework */; };
		8BB8E3B3187C60A200C270A2 /* InfoPlist.strings in Resources */ = {isa = PBXBuildFile; fileRef = 8BB8E3B1187C60A200C270A2 /* InfoPlist.strings */; };
		8BB8E3B5187C60A200C270A2 /* main.m in Sources */ = {isa = PBXBuildFile; fileRef = 8BB8E3B4187C60A200C270A2 /* main.m */; };
		8BB8E3B9187C60A200C270A2 /* AppDelegate.m in Sources */ = {isa = PBXBuildFile; fileRef = 8BB8E3B8187C60A200C270A2 /* AppDelegate.m */; };
		8BB8E3BC187C60A200C270A2 /* Main.storyboard in Resources */ = {isa = PBXBuildFile; fileRef = 8BB8E3BA187C60A200C270A2 /* Main.storyboard */; };
		8BB8E3BF187C60A200C270A2 /* ViewController.m in Sources */ = {isa = PBXBuildFile; fileRef = 8BB8E3BE187C60A200C270A2 /* ViewController.m */; };
		8BB8E3C1187C60A300C270A2 /* Images.xcassets in Resources */ = {isa = PBXBuildFile; fileRef = 8BB8E3C0187C60A300C270A2 /* Images.xcassets */; };
		8BB8E3C8187C60A300C270A2 /* XCTest.framework in Frameworks */ = {isa = PBXBuildFile; fileRef = 8BB8E3C7187C60A300C270A2 /* XCTest.framework */; };
		8BB8E3C9187C60A300C270A2 /* Foundation.framework in Frameworks */ = {isa = PBXBuildFile; fileRef = 8BB8E3A8187C60A200C270A2 /* Foundation.framework */; };
		8BB8E3CA187C60A300C270A2 /* UIKit.framework in Frameworks */ = {isa = PBXBuildFile; fileRef = 8BB8E3AC187C60A200C270A2 /* UIKit.framework */; };
		8BB8E3D2187C60A300C270A2 /* InfoPlist.strings in Resources */ = {isa = PBXBuildFile; fileRef = 8BB8E3D0187C60A300C270A2 /* InfoPlist.strings */; };
		8BB8E3D4187C60A300C270A2 /* ScrollViewPagingTests.m in Sources */ = {isa = PBXBuildFile; fileRef = 8BB8E3D3187C60A300C270A2 /* ScrollViewPagingTests.m */; };
		8BB8E3E9187C66CF00C270A2 /* image0.jpg in Resources */ = {isa = PBXBuildFile; fileRef = 8BB8E3E5187C66CF00C270A2 /* image0.jpg */; };
		8BB8E3EA187C66CF00C270A2 /* image1.jpg in Resources */ = {isa = PBXBuildFile; fileRef = 8BB8E3E6187C66CF00C270A2 /* image1.jpg */; };
		8BB8E3EB187C66CF00C270A2 /* image2.jpg in Resources */ = {isa = PBXBuildFile; fileRef = 8BB8E3E7187C66CF00C270A2 /* image2.jpg */; };
		8BB8E3EC187C66CF00C270A2 /* image3.jpg in Resources */ = {isa = PBXBuildFile; fileRef = 8BB8E3E8187C66CF00C270A2 /* image3.jpg */; };
/* End PBXBuildFile section */

/* Begin PBXContainerItemProxy section */
		8BB8E3CB187C60A300C270A2 /* PBXContainerItemProxy */ = {
			isa = PBXContainerItemProxy;
			containerPortal = 8BB8E39D187C60A100C270A2 /* Project object */;
			proxyType = 1;
			remoteGlobalIDString = 8BB8E3A4187C60A200C270A2;
			remoteInfo = ScrollViewPaging;
		};
/* End PBXContainerItemProxy section */

/* Begin PBXFileReference section */
		8BB8E3A5187C60A200C270A2 /* ScrollViewPaging.app */ = {isa = PBXFileReference; explicitFileType = wrapper.application; includeInIndex = 0; path = ScrollViewPaging.app; sourceTree = BUILT_PRODUCTS_DIR; };
		8BB8E3A8187C60A200C270A2 /* Foundation.framework */ = {isa = PBXFileReference; lastKnownFileType = wrapper.framework; name = Foundation.framework; path = System/Library/Frameworks/Foundation.framework; sourceTree = SDKROOT; };
		8BB8E3AA187C60A200C270A2 /* CoreGraphics.framework */ = {isa = PBXFileReference; lastKnownFileType = wrapper.framework; name = CoreGraphics.framework; path = System/Library/Frameworks/CoreGraphics.framework; sourceTree = SDKROOT; };
		8BB8E3AC187C60A200C270A2 /* UIKit.framework */ = {isa = PBXFileReference; lastKnownFileType = wrapper.framework; name = UIKit.framework; path = System/Library/Frameworks/UIKit.framework; sourceTree = SDKROOT; };
		8BB8E3B0187C60A200C270A2 /* ScrollViewPaging-Info.plist */ = {isa = PBXFileReference; lastKnownFileType = text.plist.xml; path = "ScrollViewPaging-Info.plist"; sourceTree = "<group>"; };
		8BB8E3B2187C60A200C270A2 /* en */ = {isa = PBXFileReference; lastKnownFileType = text.plist.strings; name = en; path = en.lproj/InfoPlist.strings; sourceTree = "<group>"; };
		8BB8E3B4187C60A200C270A2 /* main.m */ = {isa = PBXFileReference; lastKnownFileType = sourcecode.c.objc; path = main.m; sourceTree = "<group>"; };
		8BB8E3B6187C60A200C270A2 /* ScrollViewPaging-Prefix.pch */ = {isa = PBXFileReference; lastKnownFileType = sourcecode.c.h; path = "ScrollViewPaging-Prefix.pch"; sourceTree = "<group>"; };
		8BB8E3B7187C60A200C270A2 /* AppDelegate.h */ = {isa = PBXFileReference; lastKnownFileType = sourcecode.c.h; path = AppDelegate.h; sourceTree = "<group>"; };
		8BB8E3B8187C60A200C270A2 /* AppDelegate.m */ = {isa = PBXFileReference; lastKnownFileType = sourcecode.c.objc; path = AppDelegate.m; sourceTree = "<group>"; };
		8BB8E3BB187C60A200C270A2 /* Base */ = {isa = PBXFileReference; lastKnownFileType = file.storyboard; name = Base; path = Base.lproj/Main.storyboard; sourceTree = "<group>"; };
		8BB8E3BD187C60A200C270A2 /* ViewController.h */ = {isa = PBXFileReference; lastKnownFileType = sourcecode.c.h; path = ViewController.h; sourceTree = "<group>"; };
		8BB8E3BE187C60A200C270A2 /* ViewController.m */ = {isa = PBXFileReference; lastKnownFileType = sourcecode.c.objc; path = ViewController.m; sourceTree = "<group>"; };
		8BB8E3C0187C60A300C270A2 /* Images.xcassets */ = {isa = PBXFileReference; lastKnownFileType = folder.assetcatalog; path = Images.xcassets; sourceTree = "<group>"; };
		8BB8E3C6187C60A300C270A2 /* ScrollViewPagingTests.xctest */ = {isa = PBXFileReference; explicitFileType = wrapper.cfbundle; includeInIndex = 0; path = ScrollViewPagingTests.xctest; sourceTree = BUILT_PRODUCTS_DIR; };
		8BB8E3C7187C60A300C270A2 /* XCTest.framework */ = {isa = PBXFileReference; lastKnownFileType = wrapper.framework; name = XCTest.framework; path = Library/Frameworks/XCTest.framework; sourceTree = DEVELOPER_DIR; };
		8BB8E3CF187C60A300C270A2 /* ScrollViewPagingTests-Info.plist */ = {isa = PBXFileReference; lastKnownFileType = text.plist.xml; path = "ScrollViewPagingTests-Info.plist"; sourceTree = "<group>"; };
		8BB8E3D1187C60A300C270A2 /* en */ = {isa = PBXFileReference; lastKnownFileType = text.plist.strings; name = en; path = en.lproj/InfoPlist.strings; sourceTree = "<group>"; };
		8BB8E3D3187C60A300C270A2 /* ScrollViewPagingTests.m */ = {isa = PBXFileReference; lastKnownFileType = sourcecode.c.objc; path = ScrollViewPagingTests.m; sourceTree = "<group>"; };
		8BB8E3E5187C66CF00C270A2 /* image0.jpg */ = {isa = PBXFileReference; lastKnownFileType = image.jpeg; path = image0.jpg; sourceTree = "<group>"; };
		8BB8E3E6187C66CF00C270A2 /* image1.jpg */ = {isa = PBXFileReference; lastKnownFileType = image.jpeg; path = image1.jpg; sourceTree = "<group>"; };
		8BB8E3E7187C66CF00C270A2 /* image2.jpg */ = {isa = PBXFileReference; lastKnownFileType = image.jpeg; path = image2.jpg; sourceTree = "<group>"; };
		8BB8E3E8187C66CF00C270A2 /* image3.jpg */ = {isa = PBXFileReference; lastKnownFileType = image.jpeg; path = image3.jpg; sourceTree = "<group>"; };
/* End PBXFileReference section */

/* Begin PBXFrameworksBuildPhase section */
		8BB8E3A2187C60A200C270A2 /* Frameworks */ = {
			isa = PBXFrameworksBuildPhase;
			buildActionMask = 2147483647;
			files = (
				8BB8E3AB187C60A200C270A2 /* CoreGraphics.framework in Frameworks */,
				8BB8E3AD187C60A200C270A2 /* UIKit.framework in Frameworks */,
				8BB8E3A9187C60A200C270A2 /* Foundation.framework in Frameworks */,
			);
			runOnlyForDeploymentPostprocessing = 0;
		};
		8BB8E3C3187C60A300C270A2 /* Frameworks */ = {
			isa = PBXFrameworksBuildPhase;
			buildActionMask = 2147483647;
			files = (
				8BB8E3C8187C60A300C270A2 /* XCTest.framework in Frameworks */,
				8BB8E3CA187C60A300C270A2 /* UIKit.framework in Frameworks */,
				8BB8E3C9187C60A300C270A2 /* Foundation.framework in Frameworks */,
			);
			runOnlyForDeploymentPostprocessing = 0;
		};
/* End PBXFrameworksBuildPhase section */

/* Begin PBXGroup section */
		8BB8E39C187C60A100C270A2 = {
			isa = PBXGroup;
			children = (
				8BB8E3E5187C66CF00C270A2 /* image0.jpg */,
				8BB8E3E6187C66CF00C270A2 /* image1.jpg */,
				8BB8E3E7187C66CF00C270A2 /* image2.jpg */,
				8BB8E3E8187C66CF00C270A2 /* image3.jpg */,
				8BB8E3AE187C60A200C270A2 /* ScrollViewPaging */,
				8BB8E3CD187C60A300C270A2 /* ScrollViewPagingTests */,
				8BB8E3A7187C60A200C270A2 /* Frameworks */,
				8BB8E3A6187C60A200C270A2 /* Products */,
			);
			sourceTree = "<group>";
		};
		8BB8E3A6187C60A200C270A2 /* Products */ = {
			isa = PBXGroup;
			children = (
				8BB8E3A5187C60A200C270A2 /* ScrollViewPaging.app */,
				8BB8E3C6187C60A300C270A2 /* ScrollViewPagingTests.xctest */,
			);
			name = Products;
			sourceTree = "<group>";
		};
		8BB8E3A7187C60A200C270A2 /* Frameworks */ = {
			isa = PBXGroup;
			children = (
				8BB8E3A8187C60A200C270A2 /* Foundation.framework */,
				8BB8E3AA187C60A200C270A2 /* CoreGraphics.framework */,
				8BB8E3AC187C60A200C270A2 /* UIKit.framework */,
				8BB8E3C7187C60A300C270A2 /* XCTest.framework */,
			);
			name = Frameworks;
			sourceTree = "<group>";
		};
		8BB8E3AE187C60A200C270A2 /* ScrollViewPaging */ = {
			isa = PBXGroup;
			children = (
				8BB8E3B7187C60A200C270A2 /* AppDelegate.h */,
				8BB8E3B8187C60A200C270A2 /* AppDelegate.m */,
				8BB8E3BA187C60A200C270A2 /* Main.storyboard */,
				8BB8E3BD187C60A200C270A2 /* ViewController.h */,
				8BB8E3BE187C60A200C270A2 /* ViewController.m */,
				8BB8E3C0187C60A300C270A2 /* Images.xcassets */,
				8BB8E3AF187C60A200C270A2 /* Supporting Files */,
			);
			path = ScrollViewPaging;
			sourceTree = "<group>";
		};
		8BB8E3AF187C60A200C270A2 /* Supporting Files */ = {
			isa = PBXGroup;
			children = (
				8BB8E3B0187C60A200C270A2 /* ScrollViewPaging-Info.plist */,
				8BB8E3B1187C60A200C270A2 /* InfoPlist.strings */,
				8BB8E3B4187C60A200C270A2 /* main.m */,
				8BB8E3B6187C60A200C270A2 /* ScrollViewPaging-Prefix.pch */,
			);
			name = "Supporting Files";
			sourceTree = "<group>";
		};
		8BB8E3CD187C60A300C270A2 /* ScrollViewPagingTests */ = {
			isa = PBXGroup;
			children = (
				8BB8E3D3187C60A300C270A2 /* ScrollViewPagingTests.m */,
				8BB8E3CE187C60A300C270A2 /* Supporting Files */,
			);
			path = ScrollViewPagingTests;
			sourceTree = "<group>";
		};
		8BB8E3CE187C60A300C270A2 /* Supporting Files */ = {
			isa = PBXGroup;
			children = (
				8BB8E3CF187C60A300C270A2 /* ScrollViewPagingTests-Info.plist */,
				8BB8E3D0187C60A300C270A2 /* InfoPlist.strings */,
			);
			name = "Supporting Files";
			sourceTree = "<group>";
		};
/* End PBXGroup section */

/* Begin PBXNativeTarget section */
		8BB8E3A4187C60A200C270A2 /* ScrollViewPaging */ = {
			isa = PBXNativeTarget;
			buildConfigurationList = 8BB8E3D7187C60A300C270A2 /* Build configuration list for PBXNativeTarget "ScrollViewPaging" */;
			buildPhases = (
				8BB8E3A1187C60A200C270A2 /* Sources */,
				8BB8E3A2187C60A200C270A2 /* Frameworks */,
				8BB8E3A3187C60A200C270A2 /* Resources */,
			);
			buildRules = (
			);
			dependencies = (
			);
			name = ScrollViewPaging;
			productName = ScrollViewPaging;
			productReference = 8BB8E3A5187C60A200C270A2 /* ScrollViewPaging.app */;
			productType = "com.apple.product-type.application";
		};
		8BB8E3C5187C60A300C270A2 /* ScrollViewPagingTests */ = {
			isa = PBXNativeTarget;
			buildConfigurationList = 8BB8E3DA187C60A300C270A2 /* Build configuration list for PBXNativeTarget "ScrollViewPagingTests" */;
			buildPhases = (
				8BB8E3C2187C60A300C270A2 /* Sources */,
				8BB8E3C3187C60A300C270A2 /* Frameworks */,
				8BB8E3C4187C60A300C270A2 /* Resources */,
			);
			buildRules = (
			);
			dependencies = (
				8BB8E3CC187C60A300C270A2 /* PBXTargetDependency */,
			);
			name = ScrollViewPagingTests;
			productName = ScrollViewPagingTests;
			productReference = 8BB8E3C6187C60A300C270A2 /* ScrollViewPagingTests.xctest */;
			productType = "com.apple.product-type.bundle.unit-test";
		};
/* End PBXNativeTarget section */

/* Begin PBXProject section */
		8BB8E39D187C60A100C270A2 /* Project object */ = {
			isa = PBXProject;
			attributes = {
				LastUpgradeCheck = 0500;
				ORGANIZATIONNAME = "Lee HyunYoung";
				TargetAttributes = {
					8BB8E3C5187C60A300C270A2 = {
						TestTargetID = 8BB8E3A4187C60A200C270A2;
					};
				};
			};
			buildConfigurationList = 8BB8E3A0187C60A100C270A2 /* Build configuration list for PBXProject "ScrollViewPaging" */;
			compatibilityVersion = "Xcode 3.2";
			developmentRegion = English;
			hasScannedForEncodings = 0;
			knownRegions = (
				en,
				Base,
			);
			mainGroup = 8BB8E39C187C60A100C270A2;
			productRefGroup = 8BB8E3A6187C60A200C270A2 /* Products */;
			projectDirPath = "";
			projectRoot = "";
			targets = (
				8BB8E3A4187C60A200C270A2 /* ScrollViewPaging */,
				8BB8E3C5187C60A300C270A2 /* ScrollViewPagingTests */,
			);
		};
/* End PBXProject section */

/* Begin PBXResourcesBuildPhase section */
		8BB8E3A3187C60A200C270A2 /* Resources */ = {
			isa = PBXResourcesBuildPhase;
			buildActionMask = 2147483647;
			files = (
				8BB8E3E9187C66CF00C270A2 /* image0.jpg in Resources */,
				8BB8E3EA187C66CF00C270A2 /* image1.jpg in Resources */,
				8BB8E3C1187C60A300C270A2 /* Images.xcassets in Resources */,
				8BB8E3B3187C60A200C270A2 /* InfoPlist.strings in Resources */,
				8BB8E3EB187C66CF00C270A2 /* image2.jpg in Resources */,
				8BB8E3EC187C66CF00C270A2 /* image3.jpg in Resources */,
				8BB8E3BC187C60A200C270A2 /* Main.storyboard in Resources */,
			);
			runOnlyForDeploymentPostprocessing = 0;
		};
		8BB8E3C4187C60A300C270A2 /* Resources */ = {
			isa = PBXResourcesBuildPhase;
			buildActionMask = 2147483647;
			files = (
				8BB8E3D2187C60A300C270A2 /* InfoPlist.strings in Resources */,
			);
			runOnlyForDeploymentPostprocessing = 0;
		};
/* End PBXResourcesBuildPhase section */

/* Begin PBXSourcesBuildPhase section */
		8BB8E3A1187C60A200C270A2 /* Sources */ = {
			isa = PBXSourcesBuildPhase;
			buildActionMask = 2147483647;
			files = (
				8BB8E3BF187C60A200C270A2 /* ViewController.m in Sources */,
				8BB8E3B9187C60A200C270A2 /* AppDelegate.m in Sources */,
				8BB8E3B5187C60A200C270A2 /* main.m in Sources */,
			);
			runOnlyForDeploymentPostprocessing = 0;
		};
		8BB8E3C2187C60A300C270A2 /* Sources */ = {
			isa = PBXSourcesBuildPhase;
			buildActionMask = 2147483647;
			files = (
				8BB8E3D4187C60A300C270A2 /* ScrollViewPagingTests.m in Sources */,
			);
			runOnlyForDeploymentPostprocessing = 0;
		};
/* End PBXSourcesBuildPhase section */

/* Begin PBXTargetDependency section */
		8BB8E3CC187C60A300C270A2 /* PBXTargetDependency */ = {
			isa = PBXTargetDependency;
			target = 8BB8E3A4187C60A200C270A2 /* ScrollViewPaging */;
			targetProxy = 8BB8E3CB187C60A300C270A2 /* PBXContainerItemProxy */;
		};
/* End PBXTargetDependency section */

/* Begin PBXVariantGroup section */
		8BB8E3B1187C60A200C270A2 /* InfoPlist.strings */ = {
			isa = PBXVariantGroup;
			children = (
				8BB8E3B2187C60A200C270A2 /* en */,
			);
			name = InfoPlist.strings;
			sourceTree = "<group>";
		};
		8BB8E3BA187C60A200C270A2 /* Main.storyboard */ = {
			isa = PBXVariantGroup;
			children = (
				8BB8E3BB187C60A200C270A2 /* Base */,
			);
			name = Main.storyboard;
			sourceTree = "<group>";
		};
		8BB8E3D0187C60A300C270A2 /* InfoPlist.strings */ = {
			isa = PBXVariantGroup;
			children = (
				8BB8E3D1187C60A300C270A2 /* en */,
			);
			name = InfoPlist.strings;
			sourceTree = "<group>";
		};
/* End PBXVariantGroup section */

/* Begin XCBuildConfiguration section */
		8BB8E3D5187C60A300C270A2 /* Debug */ = {
			isa = XCBuildConfiguration;
			buildSettings = {
				ALWAYS_SEARCH_USER_PATHS = NO;
				ARCHS = "$(ARCHS_STANDARD_INCLUDING_64_BIT)";
				CLANG_CXX_LANGUAGE_STANDARD = "gnu++0x";
				CLANG_CXX_LIBRARY = "libc++";
				CLANG_ENABLE_MODULES = YES;
				CLANG_ENABLE_OBJC_ARC = YES;
				CLANG_WARN_BOOL_CONVERSION = YES;
				CLANG_WARN_CONSTANT_CONVERSION = YES;
				CLANG_WARN_DIRECT_OBJC_ISA_USAGE = YES_ERROR;
				CLANG_WARN_EMPTY_BODY = YES;
				CLANG_WARN_ENUM_CONVERSION = YES;
				CLANG_WARN_INT_CONVERSION = YES;
				CLANG_WARN_OBJC_ROOT_CLASS = YES_ERROR;
				CLANG_WARN__DUPLICATE_METHOD_MATCH = YES;
				"CODE_SIGN_IDENTITY[sdk=iphoneos*]" = "iPhone Developer";
				COPY_PHASE_STRIP = NO;
				GCC_C_LANGUAGE_STANDARD = gnu99;
				GCC_DYNAMIC_NO_PIC = NO;
				GCC_OPTIMIZATION_LEVEL = 0;
				GCC_PREPROCESSOR_DEFINITIONS = (
					"DEBUG=1",
					"$(inherited)",
				);
				GCC_SYMBOLS_PRIVATE_EXTERN = NO;
				GCC_WARN_64_TO_32_BIT_CONVERSION = YES;
				GCC_WARN_ABOUT_RETURN_TYPE = YES_ERROR;
				GCC_WARN_UNDECLARED_SELECTOR = YES;
				GCC_WARN_UNINITIALIZED_AUTOS = YES;
				GCC_WARN_UNUSED_FUNCTION = YES;
				GCC_WARN_UNUSED_VARIABLE = YES;
				IPHONEOS_DEPLOYMENT_TARGET = 7.0;
				ONLY_ACTIVE_ARCH = YES;
				SDKROOT = iphoneos;
			};
			name = Debug;
		};
		8BB8E3D6187C60A300C270A2 /* Release */ = {
			isa = XCBuildConfiguration;
			buildSettings = {
				ALWAYS_SEARCH_USER_PATHS = NO;
				ARCHS = "$(ARCHS_STANDARD_INCLUDING_64_BIT)";
				CLANG_CXX_LANGUAGE_STANDARD = "gnu++0x";
				CLANG_CXX_LIBRARY = "libc++";
				CLANG_ENABLE_MODULES = YES;
				CLANG_ENABLE_OBJC_ARC = YES;
				CLANG_WARN_BOOL_CONVERSION = YES;
				CLANG_WARN_CONSTANT_CONVERSION = YES;
				CLANG_WARN_DIRECT_OBJC_ISA_USAGE = YES_ERROR;
				CLANG_WARN_EMPTY_BODY = YES;
				CLANG_WARN_ENUM_CONVERSION = YES;
				CLANG_WARN_INT_CONVERSION = YES;
				CLANG_WARN_OBJC_ROOT_CLASS = YES_ERROR;
				CLANG_WARN__DUPLICATE_METHOD_MATCH = YES;
				"CODE_SIGN_IDENTITY[sdk=iphoneos*]" = "iPhone Developer";
				COPY_PHASE_STRIP = YES;
				ENABLE_NS_ASSERTIONS = NO;
				GCC_C_LANGUAGE_STANDARD = gnu99;
				GCC_WARN_64_TO_32_BIT_CONVERSION = YES;
				GCC_WARN_ABOUT_RETURN_TYPE = YES_ERROR;
				GCC_WARN_UNDECLARED_SELECTOR = YES;
				GCC_WARN_UNINITIALIZED_AUTOS = YES;
				GCC_WARN_UNUSED_FUNCTION = YES;
				GCC_WARN_UNUSED_VARIABLE = YES;
				IPHONEOS_DEPLOYMENT_TARGET = 7.0;
				SDKROOT = iphoneos;
				VALIDATE_PRODUCT = YES;
			};
			name = Release;
		};
		8BB8E3D8187C60A300C270A2 /* Debug */ = {
			isa = XCBuildConfiguration;
			buildSettings = {
				ASSETCATALOG_COMPILER_APPICON_NAME = AppIcon;
				ASSETCATALOG_COMPILER_LAUNCHIMAGE_NAME = LaunchImage;
				GCC_PRECOMPILE_PREFIX_HEADER = YES;
				GCC_PREFIX_HEADER = "ScrollViewPaging/ScrollViewPaging-Prefix.pch";
				INFOPLIST_FILE = "ScrollViewPaging/ScrollViewPaging-Info.plist";
				PRODUCT_NAME = "$(TARGET_NAME)";
				WRAPPER_EXTENSION = app;
			};
			name = Debug;
		};
		8BB8E3D9187C60A300C270A2 /* Release */ = {
			isa = XCBuildConfiguration;
			buildSettings = {
				ASSETCATALOG_COMPILER_APPICON_NAME = AppIcon;
				ASSETCATALOG_COMPILER_LAUNCHIMAGE_NAME = LaunchImage;
				GCC_PRECOMPILE_PREFIX_HEADER = YES;
				GCC_PREFIX_HEADER = "ScrollViewPaging/ScrollViewPaging-Prefix.pch";
				INFOPLIST_FILE = "ScrollViewPaging/ScrollViewPaging-Info.plist";
				PRODUCT_NAME = "$(TARGET_NAME)";
				WRAPPER_EXTENSION = app;
			};
			name = Release;
		};
		8BB8E3DB187C60A300C270A2 /* Debug */ = {
			isa = XCBuildConfiguration;
			buildSettings = {
				ARCHS = "$(ARCHS_STANDARD_INCLUDING_64_BIT)";
				BUNDLE_LOADER = "$(BUILT_PRODUCTS_DIR)/ScrollViewPaging.app/ScrollViewPaging";
				FRAMEWORK_SEARCH_PATHS = (
					"$(SDKROOT)/Developer/Library/Frameworks",
					"$(inherited)",
					"$(DEVELOPER_FRAMEWORKS_DIR)",
				);
				GCC_PRECOMPILE_PREFIX_HEADER = YES;
				GCC_PREFIX_HEADER = "ScrollViewPaging/ScrollViewPaging-Prefix.pch";
				GCC_PREPROCESSOR_DEFINITIONS = (
					"DEBUG=1",
					"$(inherited)",
				);
				INFOPLIST_FILE = "ScrollViewPagingTests/ScrollViewPagingTests-Info.plist";
				PRODUCT_NAME = "$(TARGET_NAME)";
				TEST_HOST = "$(BUNDLE_LOADER)";
				WRAPPER_EXTENSION = xctest;
			};
			name = Debug;
		};
		8BB8E3DC187C60A300C270A2 /* Release */ = {
			isa = XCBuildConfiguration;
			buildSettings = {
				ARCHS = "$(ARCHS_STANDARD_INCLUDING_64_BIT)";
				BUNDLE_LOADER = "$(BUILT_PRODUCTS_DIR)/ScrollViewPaging.app/ScrollViewPaging";
				FRAMEWORK_SEARCH_PATHS = (
					"$(SDKROOT)/Developer/Library/Frameworks",
					"$(inherited)",
					"$(DEVELOPER_FRAMEWORKS_DIR)",
				);
				GCC_PRECOMPILE_PREFIX_HEADER = YES;
				GCC_PREFIX_HEADER = "ScrollViewPaging/ScrollViewPaging-Prefix.pch";
				INFOPLIST_FILE = "ScrollViewPagingTests/ScrollViewPagingTests-Info.plist";
				PRODUCT_NAME = "$(TARGET_NAME)";
				TEST_HOST = "$(BUNDLE_LOADER)";
				WRAPPER_EXTENSION = xctest;
			};
			name = Release;
		};
/* End XCBuildConfiguration section */

/* Begin XCConfigurationList section */
		8BB8E3A0187C60A100C270A2 /* Build configuration list for PBXProject "ScrollViewPaging" */ = {
			isa = XCConfigurationList;
			buildConfigurations = (
				8BB8E3D5187C60A300C270A2 /* Debug */,
				8BB8E3D6187C60A300C270A2 /* Release */,
			);
			defaultConfigurationIsVisible = 0;
			defaultConfigurationName = Release;
		};
		8BB8E3D7187C60A300C270A2 /* Build configuration list for PBXNativeTarget "ScrollViewPaging" */ = {
			isa = XCConfigurationList;
			buildConfigurations = (
				8BB8E3D8187C60A300C270A2 /* Debug */,
				8BB8E3D9187C60A300C270A2 /* Release */,
			);
			defaultConfigurationIsVisible = 0;
		};
		8BB8E3DA187C60A300C270A2 /* Build configuration list for PBXNativeTarget "ScrollViewPagingTests" */ = {
			isa = XCConfigurationList;
			buildConfigurations = (
				8BB8E3DB187C60A300C270A2 /* Debug */,
				8BB8E3DC187C60A300C270A2 /* Release */,
			);
			defaultConfigurationIsVisible = 0;
		};
/* End XCConfigurationList section */
	};
	rootObject = 8BB8E39D187C60A100C270A2 /* Project object */;
}
